
Microsoft Visual Studio Solution File, Format Version 12.00
# Visual Studio Version 17
VisualStudioVersion = 17.9.34902.65
MinimumVisualStudioVersion = 10.0.40219.1
Project("{FAE04EC0-301F-11D3-BF4B-00C04F79EFBC}") = "Api-Rest", "Api-Rest\Api-Rest.csproj", "{8F942C7A-81F2-47EA-8EB9-07461729E556}"
EndProject
Global
	GlobalSection(SolutionConfigurationPlatforms) = preSolution
		Debug|Any CPU = Debug|Any CPU
		Release|Any CPU = Release|Any CPU
	EndGlobalSection
	GlobalSection(ProjectConfigurationPlatforms) = postSolution
		{8F942C7A-81F2-47EA-8EB9-07461729E556}.Debug|Any CPU.ActiveCfg = Debug|Any CPU
		{8F942C7A-81F2-47EA-8EB9-07461729E556}.Debug|Any CPU.Build.0 = Debug|Any CPU
		{8F942C7A-81F2-47EA-8EB9-07461729E556}.Release|Any CPU.ActiveCfg = Release|Any CPU
		{8F942C7A-81F2-47EA-8EB9-07461729E556}.Release|Any CPU.Build.0 = Release|Any CPU
	EndGlobalSection
	GlobalSection(SolutionProperties) = preSolution
		HideSolutionNode = FALSE
	EndGlobalSection
	GlobalSection(ExtensibilityGlobals) = postSolution
		SolutionGuid = {D6F97788-5B7C-4AED-938C-EDA3E3128CA5}
	EndGlobalSection
EndGlobal
